
Microsoft Visual Studio Solution File, Format Version 12.00
# Visual Studio Version 17
VisualStudioVersion = 17.7.34202.233
MinimumVisualStudioVersion = 10.0.40219.1
Project("{FAE04EC0-301F-11D3-BF4B-00C04F79EFBC}") = "WpfApp2", "WpfApp2\WpfApp2.csproj", "{A2EC080F-7634-4152-8AB2-6D3CFACBEE6C}"
EndProject
Global
	GlobalSection(SolutionConfigurationPlatforms) = preSolution
		Debug|Any CPU = Debug|Any CPU
		Release|Any CPU = Release|Any CPU
	EndGlobalSection
	GlobalSection(ProjectConfigurationPlatforms) = postSolution
		{A2EC080F-7634-4152-8AB2-6D3CFACBEE6C}.Debug|Any CPU.ActiveCfg = Debug|Any CPU
		{A2EC080F-7634-4152-8AB2-6D3CFACBEE6C}.Debug|Any CPU.Build.0 = Debug|Any CPU
		{A2EC080F-7634-4152-8AB2-6D3CFACBEE6C}.Release|Any CPU.ActiveCfg = Release|Any CPU
		{A2EC080F-7634-4152-8AB2-6D3CFACBEE6C}.Release|Any CPU.Build.0 = Release|Any CPU
	EndGlobalSection
	GlobalSection(SolutionProperties) = preSolution
		HideSolutionNode = FALSE
	EndGlobalSection
	GlobalSection(ExtensibilityGlobals) = postSolution
		SolutionGuid = {21794F36-D255-40D2-91B9-1CC3C2D28882}
	EndGlobalSection
EndGlobal
